<?xml version="1.0" encoding="utf-8"?>
<Project ToolsVersion="4.0" xmlns="http://schemas.microsoft.com/developer/msbuild/2003">
  <ItemGroup>
    <Filter Include="Source">
      <UniqueIdentifier>{2319f42d-ff90-4355-9819-fabd5edc23ce}</UniqueIdentifier>
    </Filter>
    <Filter Include="Headers">
      <UniqueIdentifier>{0accffe9-a069-4188-8582-ba9949c580d4}</UniqueIdentifier>
    </Filter>
    <Filter Include="Headers\Packfile In">
      <UniqueIdentifier>{af6577c2-9ca1-4898-8374-d841ec9f4b21}</UniqueIdentifier>
    </Filter>
    <Filter Include="Headers\XML Out">
      <UniqueIdentifier>{49398f36-ce0c-48ce-84d9-c53a1aaa20f2}</UniqueIdentifier>
    </Filter>
  </ItemGroup>
  <ItemGroup>
    <ClInclude Include="include\HavokApi.hpp">
      <Filter>Headers</Filter>
    </ClInclude>
    <ClInclude Include="source\hkaDeltaDecompressor.h">
      <Filter>Headers</Filter>
    </ClInclude>
    <ClInclude Include="source\hkaWaveletDecompressor.h">
      <Filter>Headers</Filter>
    </ClInclude>
    <ClInclude Include="source\hkXML.h">
      <Filter>Headers</Filter>
    </ClInclude>
    <ClInclude Include="source\hkaAnimation.h">
      <Filter>Headers\Packfile In</Filter>
    </ClInclude>
    <ClInclude Include="source\hkaAnimationContainer.h">
      <Filter>Headers\Packfile In</Filter>
    </ClInclude>
    <ClInclude Include="source\hkaAnnotation.h">
      <Filter>Headers\Packfile In</Filter>
    </ClInclude>
    <ClInclude Include="source\hkaDecompressor.h">
      <Filter>Headers\Packfile In</Filter>
    </ClInclude>
    <ClInclude Include="source\hkaDeltaCompressedAnimation.h">
      <Filter>Headers\Packfile In</Filter>
    </ClInclude>
    <ClInclude Include="source\hkaSkeleton.h">
      <Filter>Headers\Packfile In</Filter>
    </ClInclude>
    <ClInclude Include="source\hkaWaveletCompressedAnimation.h">
      <Filter>Headers\Packfile In</Filter>
    </ClInclude>
    <ClInclude Include="source\hkHeader.hpp">
      <Filter>Headers\Packfile In</Filter>
    </ClInclude>
    <ClInclude Include="source\hkNewHeader.h">
      <Filter>Headers\Packfile In</Filter>
    </ClInclude>
    <ClInclude Include="source\hkObjectBase.h">
      <Filter>Headers\Packfile In</Filter>
    </ClInclude>
    <ClInclude Include="source\hkReflectorUtil.h">
      <Filter>Headers\Packfile In</Filter>
    </ClInclude>
    <ClInclude Include="source\hkRootLevelContainer.h">
      <Filter>Headers\Packfile In</Filter>
    </ClInclude>
    <ClInclude Include="include\HavokXMLApi.hpp">
      <Filter>Headers</Filter>
    </ClInclude>
    <ClInclude Include="include\hkInternalInterfaces.h">
      <Filter>Headers</Filter>
    </ClInclude>
    <ClInclude Include="source\hkaInterleavedAnimation.h">
      <Filter>Headers\Packfile In</Filter>
    </ClInclude>
    <ClInclude Include="source\hkaAnimationBinding.h">
      <Filter>Headers\Packfile In</Filter>
    </ClInclude>
  </ItemGroup>
  <ItemGroup>
    <ClCompile Include="source\hkaDeltaDecompressor.cpp">
      <Filter>Source</Filter>
    </ClCompile>
    <ClCompile Include="source\hkCore.cpp">
      <Filter>Source</Filter>
    </ClCompile>
    <ClCompile Include="source\hkHeader.cpp">
      <Filter>Source</Filter>
    </ClCompile>
    <ClCompile Include="source\hkNewHeader.cpp">
      <Filter>Source</Filter>
    </ClCompile>
    <ClCompile Include="source\hkRegistry.cpp">
      <Filter>Source</Filter>
    </ClCompile>
    <ClCompile Include="3rd_party\PreCore\datas\MasterPrinter.cpp">
      <Filter>Source</Filter>
    </ClCompile>
    <ClCompile Include="3rd_party\PugiXml\src\pugixml.cpp">
      <Filter>Source</Filter>
    </ClCompile>
    <ClCompile Include="source\hkBin2XML.cpp">
      <Filter>Source</Filter>
    </ClCompile>
    <ClCompile Include="3rd_party\PreCore\datas\reflector.cpp">
      <Filter>Source</Filter>
    </ClCompile>
  </ItemGroup>
</Project>